{
  "nodes": {
    "flake-utils": {
      "locked": {
        "lastModified": 1644229661,
        "narHash": "sha256-1YdnJAsNy69bpcjuoKdOYQX0YxZBiCYZo4Twxerqv7k=",
        "owner": "numtide",
        "repo": "flake-utils",
        "rev": "3cecb5b042f7f209c56ffd8371b2711a290ec797",
        "type": "github"
      },
      "original": {
        "owner": "numtide",
        "repo": "flake-utils",
        "type": "github"
      }
    },
    "haskell-flake-utils": {
      "inputs": {
        "flake-utils": "flake-utils"
      },
      "locked": {
        "lastModified": 1653613217,
        "narHash": "sha256-Ywz9b5669v5U/owCKFzg4Eu4yYejhHbybJhv73HCd2k=",
        "owner": "ivanovs-4",
        "repo": "haskell-flake-utils",
        "rev": "4bca0aa95d63b5e80cb01abd57e1316e809716b4",
        "type": "github"
      },
      "original": {
        "owner": "ivanovs-4",
        "repo": "haskell-flake-utils",
        "type": "github"
      }
    },
    "nixpkgs": {
      "locked": {
        "lastModified": 1659399445,
        "narHash": "sha256-nRlsBxJC2CRgsaweNGwRLRi6CN/FrRErlasDFimDrZY=",
        "owner": "NixOS",
        "repo": "nixpkgs",
        "rev": "aebe57d365ec7e60e74ea4a82acb9071a545fd48",
        "type": "github"
      },
      "original": {
        "owner": "NixOS",
        "repo": "nixpkgs",
        "type": "github"
      }
    },
    "root": {
      "inputs": {
        "haskell-flake-utils": "haskell-flake-utils",
        "nixpkgs": "nixpkgs"
      }
    }
  },
  "root": "root",
  "version": 7
}
